
Microsoft Visual Studio Solution File, Format Version 12.00
# Visual Studio Version 17
VisualStudioVersion = 17.9.34723.18
MinimumVisualStudioVersion = 10.0.40219.1
Project("{FAE04EC0-301F-11D3-BF4B-00C04F79EFBC}") = "Tasking", "Tasking\Tasking.csproj", "{FDEA7BA2-B898-4AFA-A3B1-E14022057631}"
EndProject
Global
	GlobalSection(SolutionConfigurationPlatforms) = preSolution
		Debug|Any CPU = Debug|Any CPU
		Release|Any CPU = Release|Any CPU
	EndGlobalSection
	GlobalSection(ProjectConfigurationPlatforms) = postSolution
		{FDEA7BA2-B898-4AFA-A3B1-E14022057631}.Debug|Any CPU.ActiveCfg = Debug|Any CPU
		{FDEA7BA2-B898-4AFA-A3B1-E14022057631}.Debug|Any CPU.Build.0 = Debug|Any CPU
		{FDEA7BA2-B898-4AFA-A3B1-E14022057631}.Release|Any CPU.ActiveCfg = Release|Any CPU
		{FDEA7BA2-B898-4AFA-A3B1-E14022057631}.Release|Any CPU.Build.0 = Release|Any CPU
	EndGlobalSection
	GlobalSection(SolutionProperties) = preSolution
		HideSolutionNode = FALSE
	EndGlobalSection
	GlobalSection(ExtensibilityGlobals) = postSolution
		SolutionGuid = {FE70328A-F8A6-4587-82F4-714CBCF8A9B7}
	EndGlobalSection
EndGlobal
