
Microsoft Visual Studio Solution File, Format Version 12.00
# Visual Studio Version 17
VisualStudioVersion = 17.9.34723.18
MinimumVisualStudioVersion = 10.0.40219.1
Project("{FAE04EC0-301F-11D3-BF4B-00C04F79EFBC}") = "Basics", "Basics\Basics.csproj", "{D3599E07-1C52-490A-848E-B3F37A836297}"
EndProject
Global
	GlobalSection(SolutionConfigurationPlatforms) = preSolution
		Debug|Any CPU = Debug|Any CPU
		Release|Any CPU = Release|Any CPU
	EndGlobalSection
	GlobalSection(ProjectConfigurationPlatforms) = postSolution
		{D3599E07-1C52-490A-848E-B3F37A836297}.Debug|Any CPU.ActiveCfg = Debug|Any CPU
		{D3599E07-1C52-490A-848E-B3F37A836297}.Debug|Any CPU.Build.0 = Debug|Any CPU
		{D3599E07-1C52-490A-848E-B3F37A836297}.Release|Any CPU.ActiveCfg = Release|Any CPU
		{D3599E07-1C52-490A-848E-B3F37A836297}.Release|Any CPU.Build.0 = Release|Any CPU
	EndGlobalSection
	GlobalSection(SolutionProperties) = preSolution
		HideSolutionNode = FALSE
	EndGlobalSection
	GlobalSection(ExtensibilityGlobals) = postSolution
		SolutionGuid = {473FA497-FBE5-4C36-A1FF-38E5C66A0A23}
	EndGlobalSection
EndGlobal
