
Microsoft Visual Studio Solution File, Format Version 12.00
# Visual Studio Version 17
VisualStudioVersion = 17.9.34723.18
MinimumVisualStudioVersion = 10.0.40219.1
Project("{FAE04EC0-301F-11D3-BF4B-00C04F79EFBC}") = "DrawingProgram", "DrawingProgram\DrawingProgram.csproj", "{FA5624D1-0D27-4C48-AFCF-95ABE9B18E4A}"
EndProject
Global
	GlobalSection(SolutionConfigurationPlatforms) = preSolution
		Debug|Any CPU = Debug|Any CPU
		Release|Any CPU = Release|Any CPU
	EndGlobalSection
	GlobalSection(ProjectConfigurationPlatforms) = postSolution
		{FA5624D1-0D27-4C48-AFCF-95ABE9B18E4A}.Debug|Any CPU.ActiveCfg = Debug|Any CPU
		{FA5624D1-0D27-4C48-AFCF-95ABE9B18E4A}.Debug|Any CPU.Build.0 = Debug|Any CPU
		{FA5624D1-0D27-4C48-AFCF-95ABE9B18E4A}.Release|Any CPU.ActiveCfg = Release|Any CPU
		{FA5624D1-0D27-4C48-AFCF-95ABE9B18E4A}.Release|Any CPU.Build.0 = Release|Any CPU
	EndGlobalSection
	GlobalSection(SolutionProperties) = preSolution
		HideSolutionNode = FALSE
	EndGlobalSection
	GlobalSection(ExtensibilityGlobals) = postSolution
		SolutionGuid = {86CAA51C-1A60-490E-AC3D-842C25482B85}
	EndGlobalSection
EndGlobal
